
Microsoft Visual Studio Solution File, Format Version 12.00
# Visual Studio 14
VisualStudioVersion = 14.0.24720.0
MinimumVisualStudioVersion = 10.0.40219.1
Project("{888888A0-9F3D-457C-B088-3A5042F75D52}") = "DocumentRoot", "DocumentRoot\DocumentRoot.pyproj", "{40DF8A32-9903-412E-9DC5-2D8461D11385}"
EndProject
Project("{888888A0-9F3D-457C-B088-3A5042F75D52}") = "ServerProject", "ServerProject\ServerProject.pyproj", "{D44EF0DE-CC0A-49D7-8621-0EF1AC2B6798}"
EndProject
Global
	GlobalSection(SolutionConfigurationPlatforms) = preSolution
		Debug|Any CPU = Debug|Any CPU
		Release|Any CPU = Release|Any CPU
	EndGlobalSection
	GlobalSection(ProjectConfigurationPlatforms) = postSolution
		{40DF8A32-9903-412E-9DC5-2D8461D11385}.Debug|Any CPU.ActiveCfg = Debug|Any CPU
		{40DF8A32-9903-412E-9DC5-2D8461D11385}.Debug|Any CPU.Build.0 = Debug|Any CPU
		{40DF8A32-9903-412E-9DC5-2D8461D11385}.Release|Any CPU.ActiveCfg = Release|Any CPU
		{40DF8A32-9903-412E-9DC5-2D8461D11385}.Release|Any CPU.Build.0 = Release|Any CPU
		{D44EF0DE-CC0A-49D7-8621-0EF1AC2B6798}.Debug|Any CPU.ActiveCfg = Debug|Any CPU
		{D44EF0DE-CC0A-49D7-8621-0EF1AC2B6798}.Release|Any CPU.ActiveCfg = Release|Any CPU
	EndGlobalSection
	GlobalSection(SolutionProperties) = preSolution
		HideSolutionNode = FALSE
	EndGlobalSection
EndGlobal
